<?xml version="1.0" encoding="utf-8"?>
<Project ToolsVersion="4.0" xmlns="http://schemas.microsoft.com/developer/msbuild/2003">
  <ItemGroup>
    <Filter Include="AsyncHandler">
      <UniqueIdentifier>{69014d96-baa4-4f23-883e-dac49a390b36}</UniqueIdentifier>
    </Filter>
    <Filter Include="Manager">
      <UniqueIdentifier>{aeae7dd6-28aa-4897-b687-6d86eab5979b}</UniqueIdentifier>
    </Filter>
    <Filter Include="Proto">
      <UniqueIdentifier>{933fdbfb-785b-467e-9706-cf4bd7fa8547}</UniqueIdentifier>
    </Filter>
    <Filter Include="Impl">
      <UniqueIdentifier>{99150019-0899-4dde-8989-85fa025e711b}</UniqueIdentifier>
    </Filter>
  </ItemGroup>
  <ItemGroup>
    <ClCompile Include="AsyncHandler.cpp">
      <Filter>AsyncHandler</Filter>
    </ClCompile>
    <ClCompile Include="AsyncHandlerLogin.cpp">
      <Filter>AsyncHandler</Filter>
    </ClCompile>
    <ClCompile Include="AsyncHandlerRpcServiceExample.cpp">
      <Filter>AsyncHandler</Filter>
    </ClCompile>
    <ClCompile Include="DB.cpp">
      <Filter>Manager</Filter>
    </ClCompile>
    <ClCompile Include="Cache.cpp">
      <Filter>Manager</Filter>
    </ClCompile>
    <ClCompile Include="UserManager.cpp">
      <Filter>Manager</Filter>
    </ClCompile>
    <ClCompile Include="health_check_service.grpc.pb.cc">
      <Filter>Proto</Filter>
    </ClCompile>
    <ClCompile Include="health_check_service.pb.cc">
      <Filter>Proto</Filter>
    </ClCompile>
    <ClCompile Include="HealthCheckServiceImpl.cpp">
      <Filter>Impl</Filter>
    </ClCompile>
    <ClCompile Include="RpcServerImpl.cpp">
      <Filter>Impl</Filter>
    </ClCompile>
    <ClCompile Include="RpcServiceImpl.cpp">
      <Filter>Impl</Filter>
    </ClCompile>
    <ClCompile Include="rpc_service.grpc.pb.cc">
      <Filter>Proto</Filter>
    </ClCompile>
    <ClCompile Include="rpc_service.pb.cc">
      <Filter>Proto</Filter>
    </ClCompile>
    <ClCompile Include="Python.cpp">
      <Filter>Manager</Filter>
    </ClCompile>
    <ClCompile Include="User.cpp" />
    <ClCompile Include="main.cpp" />
  </ItemGroup>
  <ItemGroup>
    <ClInclude Include="AsyncHandler.h">
      <Filter>AsyncHandler</Filter>
    </ClInclude>
    <ClInclude Include="AsyncHandlerLogin.h">
      <Filter>AsyncHandler</Filter>
    </ClInclude>
    <ClInclude Include="AsyncHandlerRpcServiceExample.h">
      <Filter>AsyncHandler</Filter>
    </ClInclude>
    <ClInclude Include="UserManager.h">
      <Filter>Manager</Filter>
    </ClInclude>
    <ClInclude Include="DB.h">
      <Filter>Manager</Filter>
    </ClInclude>
    <ClInclude Include="Cache.h">
      <Filter>Manager</Filter>
    </ClInclude>
    <ClInclude Include="health_check_service.grpc.pb.h">
      <Filter>Proto</Filter>
    </ClInclude>
    <ClInclude Include="health_check_service.pb.h">
      <Filter>Proto</Filter>
    </ClInclude>
    <ClInclude Include="HealthCheckServiceImpl.h">
      <Filter>Impl</Filter>
    </ClInclude>
    <ClInclude Include="RpcServerImpl.h">
      <Filter>Impl</Filter>
    </ClInclude>
    <ClInclude Include="RpcServiceImpl.h">
      <Filter>Impl</Filter>
    </ClInclude>
    <ClInclude Include="rpc_service.grpc.pb.h">
      <Filter>Proto</Filter>
    </ClInclude>
    <ClInclude Include="rpc_service.pb.h">
      <Filter>Proto</Filter>
    </ClInclude>
    <ClInclude Include="Python.h">
      <Filter>Manager</Filter>
    </ClInclude>
    <ClInclude Include="User.h" />
    <ClInclude Include="stdafx.h" />
    <ClInclude Include="GlobalDefine.h" />
    <ClInclude Include="CreateHandler.h" />
  </ItemGroup>
  <ItemGroup>
    <None Include="proto\rpc_service.proto">
      <Filter>Proto</Filter>
    </None>
    <None Include="proto\health_check_service.proto">
      <Filter>Proto</Filter>
    </None>
  </ItemGroup>
</Project>